// !$*UTF8*$!
{
	archiveVersion = 1;
	classes = {
	};
	objectVersion = 56;
	objects = {

/* Begin PBXBuildFile section */
		6F1EF61829E87A560088E27D /* jsonAppApp.swift in Sources */ = {isa = PBXBuildFile; fileRef = 6F1EF61729E87A560088E27D /* jsonAppApp.swift */; };
		6F1EF61A29E87A560088E27D /* ContentView.swift in Sources */ = {isa = PBXBuildFile; fileRef = 6F1EF61929E87A560088E27D /* ContentView.swift */; };
		6F1EF61C29E87A560088E27D /* Assets.xcassets in Resources */ = {isa = PBXBuildFile; fileRef = 6F1EF61B29E87A560088E27D /* Assets.xcassets */; };
		6F1EF61F29E87A560088E27D /* Preview Assets.xcassets in Resources */ = {isa = PBXBuildFile; fileRef = 6F1EF61E29E87A560088E27D /* Preview Assets.xcassets */; };
		6F1EF62129E87A560088E27D /* Persistence.swift in Sources */ = {isa = PBXBuildFile; fileRef = 6F1EF62029E87A560088E27D /* Persistence.swift */; };
		6F1EF62429E87A560088E27D /* jsonApp.xcdatamodeld in Sources */ = {isa = PBXBuildFile; fileRef = 6F1EF62229E87A560088E27D /* jsonApp.xcdatamodeld */; };
		6F1EF62F29E87AE10088E27D /* PostViewModel.swift in Sources */ = {isa = PBXBuildFile; fileRef = 6F1EF62E29E87AE10088E27D /* PostViewModel.swift */; };
		6F1EF63129E87AFC0088E27D /* PostModel.swift in Sources */ = {isa = PBXBuildFile; fileRef = 6F1EF63029E87AFC0088E27D /* PostModel.swift */; };
		6F1EF63329E896250088E27D /* Login.swift in Sources */ = {isa = PBXBuildFile; fileRef = 6F1EF63229E896250088E27D /* Login.swift */; };
		6F1EF63529E8966E0088E27D /* Home.swift in Sources */ = {isa = PBXBuildFile; fileRef = 6F1EF63429E8966E0088E27D /* Home.swift */; };
		6FE6E98029E99BCF00282E33 /* Modelo1.swift in Sources */ = {isa = PBXBuildFile; fileRef = 6FE6E97F29E99BCF00282E33 /* Modelo1.swift */; };
		6FE6E98229E99C2000282E33 /* Modelo1ViewModel.swift in Sources */ = {isa = PBXBuildFile; fileRef = 6FE6E98129E99C2000282E33 /* Modelo1ViewModel.swift */; };
		6FE99C9829E9ECBA00215103 /* Modelo2.swift in Sources */ = {isa = PBXBuildFile; fileRef = 6FE99C9729E9ECBA00215103 /* Modelo2.swift */; };
		6FE99C9A29E9EDE600215103 /* Modelo2ViewModel.swift in Sources */ = {isa = PBXBuildFile; fileRef = 6FE99C9929E9EDE600215103 /* Modelo2ViewModel.swift */; };
		6FE99C9E29E9F1EC00215103 /* Home2.swift in Sources */ = {isa = PBXBuildFile; fileRef = 6FE99C9D29E9F1EC00215103 /* Home2.swift */; };
		6FE99CA029EA051400215103 /* DetalleView.swift in Sources */ = {isa = PBXBuildFile; fileRef = 6FE99C9F29EA051400215103 /* DetalleView.swift */; };
		6FE99CA229EA077500215103 /* DetalleViewModel.swift in Sources */ = {isa = PBXBuildFile; fileRef = 6FE99CA129EA077500215103 /* DetalleViewModel.swift */; };
/* End PBXBuildFile section */

/* Begin PBXFileReference section */
		6F1EF61429E87A560088E27D /* jsonApp.app */ = {isa = PBXFileReference; explicitFileType = wrapper.application; includeInIndex = 0; path = jsonApp.app; sourceTree = BUILT_PRODUCTS_DIR; };
		6F1EF61729E87A560088E27D /* jsonAppApp.swift */ = {isa = PBXFileReference; lastKnownFileType = sourcecode.swift; path = jsonAppApp.swift; sourceTree = "<group>"; };
		6F1EF61929E87A560088E27D /* ContentView.swift */ = {isa = PBXFileReference; lastKnownFileType = sourcecode.swift; path = ContentView.swift; sourceTree = "<group>"; };
		6F1EF61B29E87A560088E27D /* Assets.xcassets */ = {isa = PBXFileReference; lastKnownFileType = folder.assetcatalog; path = Assets.xcassets; sourceTree = "<group>"; };
		6F1EF61E29E87A560088E27D /* Preview Assets.xcassets */ = {isa = PBXFileReference; lastKnownFileType = folder.assetcatalog; path = "Preview Assets.xcassets"; sourceTree = "<group>"; };
		6F1EF62029E87A560088E27D /* Persistence.swift */ = {isa = PBXFileReference; lastKnownFileType = sourcecode.swift; path = Persistence.swift; sourceTree = "<group>"; };
		6F1EF62329E87A560088E27D /* jsonApp.xcdatamodel */ = {isa = PBXFileReference; lastKnownFileType = wrapper.xcdatamodel; path = jsonApp.xcdatamodel; sourceTree = "<group>"; };
		6F1EF62E29E87AE10088E27D /* PostViewModel.swift */ = {isa = PBXFileReference; lastKnownFileType = sourcecode.swift; path = PostViewModel.swift; sourceTree = "<group>"; };
		6F1EF63029E87AFC0088E27D /* PostModel.swift */ = {isa = PBXFileReference; lastKnownFileType = sourcecode.swift; path = PostModel.swift; sourceTree = "<group>"; };
		6F1EF63229E896250088E27D /* Login.swift */ = {isa = PBXFileReference; lastKnownFileType = sourcecode.swift; path = Login.swift; sourceTree = "<group>"; };
		6F1EF63429E8966E0088E27D /* Home.swift */ = {isa = PBXFileReference; lastKnownFileType = sourcecode.swift; path = Home.swift; sourceTree = "<group>"; };
		6FE6E97F29E99BCF00282E33 /* Modelo1.swift */ = {isa = PBXFileReference; lastKnownFileType = sourcecode.swift; path = Modelo1.swift; sourceTree = "<group>"; };
		6FE6E98129E99C2000282E33 /* Modelo1ViewModel.swift */ = {isa = PBXFileReference; lastKnownFileType = sourcecode.swift; path = Modelo1ViewModel.swift; sourceTree = "<group>"; };
		6FE99C9729E9ECBA00215103 /* Modelo2.swift */ = {isa = PBXFileReference; lastKnownFileType = sourcecode.swift; path = Modelo2.swift; sourceTree = "<group>"; };
		6FE99C9929E9EDE600215103 /* Modelo2ViewModel.swift */ = {isa = PBXFileReference; lastKnownFileType = sourcecode.swift; path = Modelo2ViewModel.swift; sourceTree = "<group>"; };
		6FE99C9D29E9F1EC00215103 /* Home2.swift */ = {isa = PBXFileReference; lastKnownFileType = sourcecode.swift; path = Home2.swift; sourceTree = "<group>"; };
		6FE99C9F29EA051400215103 /* DetalleView.swift */ = {isa = PBXFileReference; lastKnownFileType = sourcecode.swift; path = DetalleView.swift; sourceTree = "<group>"; };
		6FE99CA129EA077500215103 /* DetalleViewModel.swift */ = {isa = PBXFileReference; lastKnownFileType = sourcecode.swift; path = DetalleViewModel.swift; sourceTree = "<group>"; };
/* End PBXFileReference section */

/* Begin PBXFrameworksBuildPhase section */
		6F1EF61129E87A560088E27D /* Frameworks */ = {
			isa = PBXFrameworksBuildPhase;
			buildActionMask = 2147483647;
			files = (
			);
			runOnlyForDeploymentPostprocessing = 0;
		};
/* End PBXFrameworksBuildPhase section */

/* Begin PBXGroup section */
		6F1EF60B29E87A560088E27D = {
			isa = PBXGroup;
			children = (
				6F1EF61629E87A560088E27D /* jsonApp */,
				6F1EF61529E87A560088E27D /* Products */,
			);
			sourceTree = "<group>";
		};
		6F1EF61529E87A560088E27D /* Products */ = {
			isa = PBXGroup;
			children = (
				6F1EF61429E87A560088E27D /* jsonApp.app */,
			);
			name = Products;
			sourceTree = "<group>";
		};
		6F1EF61629E87A560088E27D /* jsonApp */ = {
			isa = PBXGroup;
			children = (
				6F1EF62D29E87AAB0088E27D /* ViewModel */,
				6F1EF62C29E87A9B0088E27D /* Views */,
				6F1EF62B29E87A8E0088E27D /* Model */,
				6F1EF61729E87A560088E27D /* jsonAppApp.swift */,
				6F1EF61929E87A560088E27D /* ContentView.swift */,
				6F1EF61B29E87A560088E27D /* Assets.xcassets */,
				6F1EF62029E87A560088E27D /* Persistence.swift */,
				6F1EF62229E87A560088E27D /* jsonApp.xcdatamodeld */,
				6F1EF61D29E87A560088E27D /* Preview Content */,
			);
			path = jsonApp;
			sourceTree = "<group>";
		};
		6F1EF61D29E87A560088E27D /* Preview Content */ = {
			isa = PBXGroup;
			children = (
				6F1EF61E29E87A560088E27D /* Preview Assets.xcassets */,
			);
			path = "Preview Content";
			sourceTree = "<group>";
		};
		6F1EF62B29E87A8E0088E27D /* Model */ = {
			isa = PBXGroup;
			children = (
				6F1EF63029E87AFC0088E27D /* PostModel.swift */,
				6FE6E97F29E99BCF00282E33 /* Modelo1.swift */,
				6FE99C9729E9ECBA00215103 /* Modelo2.swift */,
			);
			path = Model;
			sourceTree = "<group>";
		};
		6F1EF62C29E87A9B0088E27D /* Views */ = {
			isa = PBXGroup;
			children = (
				6F1EF63229E896250088E27D /* Login.swift */,
				6F1EF63429E8966E0088E27D /* Home.swift */,
				6FE99C9D29E9F1EC00215103 /* Home2.swift */,
				6FE99C9F29EA051400215103 /* DetalleView.swift */,
			);
			path = Views;
			sourceTree = "<group>";
		};
		6F1EF62D29E87AAB0088E27D /* ViewModel */ = {
			isa = PBXGroup;
			children = (
				6F1EF62E29E87AE10088E27D /* PostViewModel.swift */,
				6FE6E98129E99C2000282E33 /* Modelo1ViewModel.swift */,
				6FE99C9929E9EDE600215103 /* Modelo2ViewModel.swift */,
				6FE99CA129EA077500215103 /* DetalleViewModel.swift */,
			);
			path = ViewModel;
			sourceTree = "<group>";
		};
/* End PBXGroup section */

/* Begin PBXNativeTarget section */
		6F1EF61329E87A560088E27D /* jsonApp */ = {
			isa = PBXNativeTarget;
			buildConfigurationList = 6F1EF62729E87A560088E27D /* Build configuration list for PBXNativeTarget "jsonApp" */;
			buildPhases = (
				6F1EF61029E87A560088E27D /* Sources */,
				6F1EF61129E87A560088E27D /* Frameworks */,
				6F1EF61229E87A560088E27D /* Resources */,
			);
			buildRules = (
			);
			dependencies = (
			);
			name = jsonApp;
			productName = jsonApp;
			productReference = 6F1EF61429E87A560088E27D /* jsonApp.app */;
			productType = "com.apple.product-type.application";
		};
/* End PBXNativeTarget section */

/* Begin PBXProject section */
		6F1EF60C29E87A560088E27D /* Project object */ = {
			isa = PBXProject;
			attributes = {
				BuildIndependentTargetsInParallel = 1;
				LastSwiftUpdateCheck = 1420;
				LastUpgradeCheck = 1420;
				TargetAttributes = {
					6F1EF61329E87A560088E27D = {
						CreatedOnToolsVersion = 14.2;
					};
				};
			};
			buildConfigurationList = 6F1EF60F29E87A560088E27D /* Build configuration list for PBXProject "jsonApp" */;
			compatibilityVersion = "Xcode 14.0";
			developmentRegion = en;
			hasScannedForEncodings = 0;
			knownRegions = (
				en,
				Base,
			);
			mainGroup = 6F1EF60B29E87A560088E27D;
			productRefGroup = 6F1EF61529E87A560088E27D /* Products */;
			projectDirPath = "";
			projectRoot = "";
			targets = (
				6F1EF61329E87A560088E27D /* jsonApp */,
			);
		};
/* End PBXProject section */

/* Begin PBXResourcesBuildPhase section */
		6F1EF61229E87A560088E27D /* Resources */ = {
			isa = PBXResourcesBuildPhase;
			buildActionMask = 2147483647;
			files = (
				6F1EF61F29E87A560088E27D /* Preview Assets.xcassets in Resources */,
				6F1EF61C29E87A560088E27D /* Assets.xcassets in Resources */,
			);
			runOnlyForDeploymentPostprocessing = 0;
		};
/* End PBXResourcesBuildPhase section */

/* Begin PBXSourcesBuildPhase section */
		6F1EF61029E87A560088E27D /* Sources */ = {
			isa = PBXSourcesBuildPhase;
			buildActionMask = 2147483647;
			files = (
				6F1EF63329E896250088E27D /* Login.swift in Sources */,
				6F1EF62F29E87AE10088E27D /* PostViewModel.swift in Sources */,
				6F1EF63129E87AFC0088E27D /* PostModel.swift in Sources */,
				6F1EF62129E87A560088E27D /* Persistence.swift in Sources */,
				6FE99C9829E9ECBA00215103 /* Modelo2.swift in Sources */,
				6F1EF61A29E87A560088E27D /* ContentView.swift in Sources */,
				6F1EF61829E87A560088E27D /* jsonAppApp.swift in Sources */,
				6FE99C9A29E9EDE600215103 /* Modelo2ViewModel.swift in Sources */,
				6F1EF63529E8966E0088E27D /* Home.swift in Sources */,
				6F1EF62429E87A560088E27D /* jsonApp.xcdatamodeld in Sources */,
				6FE99CA229EA077500215103 /* DetalleViewModel.swift in Sources */,
				6FE6E98229E99C2000282E33 /* Modelo1ViewModel.swift in Sources */,
				6FE99C9E29E9F1EC00215103 /* Home2.swift in Sources */,
				6FE99CA029EA051400215103 /* DetalleView.swift in Sources */,
				6FE6E98029E99BCF00282E33 /* Modelo1.swift in Sources */,
			);
			runOnlyForDeploymentPostprocessing = 0;
		};
/* End PBXSourcesBuildPhase section */

/* Begin XCBuildConfiguration section */
		6F1EF62529E87A560088E27D /* Debug */ = {
			isa = XCBuildConfiguration;
			buildSettings = {
				ALWAYS_SEARCH_USER_PATHS = NO;
				CLANG_ANALYZER_NONNULL = YES;
				CLANG_ANALYZER_NUMBER_OBJECT_CONVERSION = YES_AGGRESSIVE;
				CLANG_CXX_LANGUAGE_STANDARD = "gnu++20";
				CLANG_ENABLE_MODULES = YES;
				CLANG_ENABLE_OBJC_ARC = YES;
				CLANG_ENABLE_OBJC_WEAK = YES;
				CLANG_WARN_BLOCK_CAPTURE_AUTORELEASING = YES;
				CLANG_WARN_BOOL_CONVERSION = YES;
				CLANG_WARN_COMMA = YES;
				CLANG_WARN_CONSTANT_CONVERSION = YES;
				CLANG_WARN_DEPRECATED_OBJC_IMPLEMENTATIONS = YES;
				CLANG_WARN_DIRECT_OBJC_ISA_USAGE = YES_ERROR;
				CLANG_WARN_DOCUMENTATION_COMMENTS = YES;
				CLANG_WARN_EMPTY_BODY = YES;
				CLANG_WARN_ENUM_CONVERSION = YES;
				CLANG_WARN_INFINITE_RECURSION = YES;
				CLANG_WARN_INT_CONVERSION = YES;
				CLANG_WARN_NON_LITERAL_NULL_CONVERSION = YES;
				CLANG_WARN_OBJC_IMPLICIT_RETAIN_SELF = YES;
				CLANG_WARN_OBJC_LITERAL_CONVERSION = YES;
				CLANG_WARN_OBJC_ROOT_CLASS = YES_ERROR;
				CLANG_WARN_QUOTED_INCLUDE_IN_FRAMEWORK_HEADER = YES;
				CLANG_WARN_RANGE_LOOP_ANALYSIS = YES;
				CLANG_WARN_STRICT_PROTOTYPES = YES;
				CLANG_WARN_SUSPICIOUS_MOVE = YES;
				CLANG_WARN_UNGUARDED_AVAILABILITY = YES_AGGRESSIVE;
				CLANG_WARN_UNREACHABLE_CODE = YES;
				CLANG_WARN__DUPLICATE_METHOD_MATCH = YES;
				COPY_PHASE_STRIP = NO;
				DEBUG_INFORMATION_FORMAT = dwarf;
				ENABLE_STRICT_OBJC_MSGSEND = YES;
				ENABLE_TESTABILITY = YES;
				GCC_C_LANGUAGE_STANDARD = gnu11;
				GCC_DYNAMIC_NO_PIC = NO;
				GCC_NO_COMMON_BLOCKS = YES;
				GCC_OPTIMIZATION_LEVEL = 0;
				GCC_PREPROCESSOR_DEFINITIONS = (
					"DEBUG=1",
					"$(inherited)",
				);
				GCC_WARN_64_TO_32_BIT_CONVERSION = YES;
				GCC_WARN_ABOUT_RETURN_TYPE = YES_ERROR;
				GCC_WARN_UNDECLARED_SELECTOR = YES;
				GCC_WARN_UNINITIALIZED_AUTOS = YES_AGGRESSIVE;
				GCC_WARN_UNUSED_FUNCTION = YES;
				GCC_WARN_UNUSED_VARIABLE = YES;
				IPHONEOS_DEPLOYMENT_TARGET = 16.2;
				MTL_ENABLE_DEBUG_INFO = INCLUDE_SOURCE;
				MTL_FAST_MATH = YES;
				ONLY_ACTIVE_ARCH = YES;
				SDKROOT = iphoneos;
				SWIFT_ACTIVE_COMPILATION_CONDITIONS = DEBUG;
				SWIFT_OPTIMIZATION_LEVEL = "-Onone";
			};
			name = Debug;
		};
		6F1EF62629E87A560088E27D /* Release */ = {
			isa = XCBuildConfiguration;
			buildSettings = {
				ALWAYS_SEARCH_USER_PATHS = NO;
				CLANG_ANALYZER_NONNULL = YES;
				CLANG_ANALYZER_NUMBER_OBJECT_CONVERSION = YES_AGGRESSIVE;
				CLANG_CXX_LANGUAGE_STANDARD = "gnu++20";
				CLANG_ENABLE_MODULES = YES;
				CLANG_ENABLE_OBJC_ARC = YES;
				CLANG_ENABLE_OBJC_WEAK = YES;
				CLANG_WARN_BLOCK_CAPTURE_AUTORELEASING = YES;
				CLANG_WARN_BOOL_CONVERSION = YES;
				CLANG_WARN_COMMA = YES;
				CLANG_WARN_CONSTANT_CONVERSION = YES;
				CLANG_WARN_DEPRECATED_OBJC_IMPLEMENTATIONS = YES;
				CLANG_WARN_DIRECT_OBJC_ISA_USAGE = YES_ERROR;
				CLANG_WARN_DOCUMENTATION_COMMENTS = YES;
				CLANG_WARN_EMPTY_BODY = YES;
				CLANG_WARN_ENUM_CONVERSION = YES;
				CLANG_WARN_INFINITE_RECURSION = YES;
				CLANG_WARN_INT_CONVERSION = YES;
				CLANG_WARN_NON_LITERAL_NULL_CONVERSION = YES;
				CLANG_WARN_OBJC_IMPLICIT_RETAIN_SELF = YES;
				CLANG_WARN_OBJC_LITERAL_CONVERSION = YES;
				CLANG_WARN_OBJC_ROOT_CLASS = YES_ERROR;
				CLANG_WARN_QUOTED_INCLUDE_IN_FRAMEWORK_HEADER = YES;
				CLANG_WARN_RANGE_LOOP_ANALYSIS = YES;
				CLANG_WARN_STRICT_PROTOTYPES = YES;
				CLANG_WARN_SUSPICIOUS_MOVE = YES;
				CLANG_WARN_UNGUARDED_AVAILABILITY = YES_AGGRESSIVE;
				CLANG_WARN_UNREACHABLE_CODE = YES;
				CLANG_WARN__DUPLICATE_METHOD_MATCH = YES;
				COPY_PHASE_STRIP = NO;
				DEBUG_INFORMATION_FORMAT = "dwarf-with-dsym";
				ENABLE_NS_ASSERTIONS = NO;
				ENABLE_STRICT_OBJC_MSGSEND = YES;
				GCC_C_LANGUAGE_STANDARD = gnu11;
				GCC_NO_COMMON_BLOCKS = YES;
				GCC_WARN_64_TO_32_BIT_CONVERSION = YES;
				GCC_WARN_ABOUT_RETURN_TYPE = YES_ERROR;
				GCC_WARN_UNDECLARED_SELECTOR = YES;
				GCC_WARN_UNINITIALIZED_AUTOS = YES_AGGRESSIVE;
				GCC_WARN_UNUSED_FUNCTION = YES;
				GCC_WARN_UNUSED_VARIABLE = YES;
				IPHONEOS_DEPLOYMENT_TARGET = 16.2;
				MTL_ENABLE_DEBUG_INFO = NO;
				MTL_FAST_MATH = YES;
				SDKROOT = iphoneos;
				SWIFT_COMPILATION_MODE = wholemodule;
				SWIFT_OPTIMIZATION_LEVEL = "-O";
				VALIDATE_PRODUCT = YES;
			};
			name = Release;
		};
		6F1EF62829E87A560088E27D /* Debug */ = {
			isa = XCBuildConfiguration;
			buildSettings = {
				ASSETCATALOG_COMPILER_APPICON_NAME = AppIcon;
				ASSETCATALOG_COMPILER_GLOBAL_ACCENT_COLOR_NAME = AccentColor;
				CODE_SIGN_STYLE = Automatic;
				CURRENT_PROJECT_VERSION = 1;
				DEVELOPMENT_ASSET_PATHS = "\"jsonApp/Preview Content\"";
				DEVELOPMENT_TEAM = 6XFDJQVV63;
				ENABLE_PREVIEWS = YES;
				GENERATE_INFOPLIST_FILE = YES;
				INFOPLIST_KEY_UIApplicationSceneManifest_Generation = YES;
				INFOPLIST_KEY_UIApplicationSupportsIndirectInputEvents = YES;
				INFOPLIST_KEY_UILaunchScreen_Generation = YES;
				INFOPLIST_KEY_UISupportedInterfaceOrientations_iPad = "UIInterfaceOrientationPortrait UIInterfaceOrientationPortraitUpsideDown UIInterfaceOrientationLandscapeLeft UIInterfaceOrientationLandscapeRight";
				INFOPLIST_KEY_UISupportedInterfaceOrientations_iPhone = "UIInterfaceOrientationPortrait UIInterfaceOrientationLandscapeLeft UIInterfaceOrientationLandscapeRight";
				LD_RUNPATH_SEARCH_PATHS = (
					"$(inherited)",
					"@executable_path/Frameworks",
				);
				MARKETING_VERSION = 1.0;
				PRODUCT_BUNDLE_IDENTIFIER = com.orthocana.jsonApp;
				PRODUCT_NAME = "$(TARGET_NAME)";
				SWIFT_EMIT_LOC_STRINGS = YES;
				SWIFT_VERSION = 5.0;
				TARGETED_DEVICE_FAMILY = "1,2";
			};
			name = Debug;
		};
		6F1EF62929E87A560088E27D /* Release */ = {
			isa = XCBuildConfiguration;
			buildSettings = {
				ASSETCATALOG_COMPILER_APPICON_NAME = AppIcon;
				ASSETCATALOG_COMPILER_GLOBAL_ACCENT_COLOR_NAME = AccentColor;
				CODE_SIGN_STYLE = Automatic;
				CURRENT_PROJECT_VERSION = 1;
				DEVELOPMENT_ASSET_PATHS = "\"jsonApp/Preview Content\"";
				DEVELOPMENT_TEAM = 6XFDJQVV63;
				ENABLE_PREVIEWS = YES;
				GENERATE_INFOPLIST_FILE = YES;
				INFOPLIST_KEY_UIApplicationSceneManifest_Generation = YES;
				INFOPLIST_KEY_UIApplicationSupportsIndirectInputEvents = YES;
				INFOPLIST_KEY_UILaunchScreen_Generation = YES;
				INFOPLIST_KEY_UISupportedInterfaceOrientations_iPad = "UIInterfaceOrientationPortrait UIInterfaceOrientationPortraitUpsideDown UIInterfaceOrientationLandscapeLeft UIInterfaceOrientationLandscapeRight";
				INFOPLIST_KEY_UISupportedInterfaceOrientations_iPhone = "UIInterfaceOrientationPortrait UIInterfaceOrientationLandscapeLeft UIInterfaceOrientationLandscapeRight";
				LD_RUNPATH_SEARCH_PATHS = (
					"$(inherited)",
					"@executable_path/Frameworks",
				);
				MARKETING_VERSION = 1.0;
				PRODUCT_BUNDLE_IDENTIFIER = com.orthocana.jsonApp;
				PRODUCT_NAME = "$(TARGET_NAME)";
				SWIFT_EMIT_LOC_STRINGS = YES;
				SWIFT_VERSION = 5.0;
				TARGETED_DEVICE_FAMILY = "1,2";
			};
			name = Release;
		};
/* End XCBuildConfiguration section */

/* Begin XCConfigurationList section */
		6F1EF60F29E87A560088E27D /* Build configuration list for PBXProject "jsonApp" */ = {
			isa = XCConfigurationList;
			buildConfigurations = (
				6F1EF62529E87A560088E27D /* Debug */,
				6F1EF62629E87A560088E27D /* Release */,
			);
			defaultConfigurationIsVisible = 0;
			defaultConfigurationName = Release;
		};
		6F1EF62729E87A560088E27D /* Build configuration list for PBXNativeTarget "jsonApp" */ = {
			isa = XCConfigurationList;
			buildConfigurations = (
				6F1EF62829E87A560088E27D /* Debug */,
				6F1EF62929E87A560088E27D /* Release */,
			);
			defaultConfigurationIsVisible = 0;
			defaultConfigurationName = Release;
		};
/* End XCConfigurationList section */

/* Begin XCVersionGroup section */
		6F1EF62229E87A560088E27D /* jsonApp.xcdatamodeld */ = {
			isa = XCVersionGroup;
			children = (
				6F1EF62329E87A560088E27D /* jsonApp.xcdatamodel */,
			);
			currentVersion = 6F1EF62329E87A560088E27D /* jsonApp.xcdatamodel */;
			path = jsonApp.xcdatamodeld;
			sourceTree = "<group>";
			versionGroupType = wrapper.xcdatamodel;
		};
/* End XCVersionGroup section */
	};
	rootObject = 6F1EF60C29E87A560088E27D /* Project object */;
}
